
Microsoft Visual Studio Solution File, Format Version 12.00
# Visual Studio Version 16
VisualStudioVersion = 16.0.810.19
MinimumVisualStudioVersion = 10.0.40219.1
Project("{FAE04EC0-301F-11D3-BF4B-00C04F79EFBC}") = "Entities", "Entities\Entities.csproj", "{00320CDE-892A-4DF3-A0EF-2CC68F262C70}"
EndProject
Project("{FAE04EC0-301F-11D3-BF4B-00C04F79EFBC}") = "Core", "Core\Core.csproj", "{C53183B2-799A-42C4-8CB8-B3E38E0FD42F}"
EndProject
Project("{FAE04EC0-301F-11D3-BF4B-00C04F79EFBC}") = "DataAccess", "DataAccess\DataAccess.csproj", "{215C52B7-CB7E-4C38-BE09-EF7875A15357}"
EndProject
Project("{FAE04EC0-301F-11D3-BF4B-00C04F79EFBC}") = "Business", "Business\Business.csproj", "{0A89971B-39B7-4682-9FF4-8E115A4BA9C7}"
EndProject
Project("{FAE04EC0-301F-11D3-BF4B-00C04F79EFBC}") = "WebAPI", "WebAPI\WebAPI.csproj", "{0B5DE70C-38ED-4AA2-99CE-4F8CA6DA0046}"
EndProject
Global
	GlobalSection(SolutionConfigurationPlatforms) = preSolution
		Debug|Any CPU = Debug|Any CPU
		Release|Any CPU = Release|Any CPU
	EndGlobalSection
	GlobalSection(ProjectConfigurationPlatforms) = postSolution
		{00320CDE-892A-4DF3-A0EF-2CC68F262C70}.Debug|Any CPU.ActiveCfg = Debug|Any CPU
		{00320CDE-892A-4DF3-A0EF-2CC68F262C70}.Debug|Any CPU.Build.0 = Debug|Any CPU
		{00320CDE-892A-4DF3-A0EF-2CC68F262C70}.Release|Any CPU.ActiveCfg = Release|Any CPU
		{00320CDE-892A-4DF3-A0EF-2CC68F262C70}.Release|Any CPU.Build.0 = Release|Any CPU
		{C53183B2-799A-42C4-8CB8-B3E38E0FD42F}.Debug|Any CPU.ActiveCfg = Debug|Any CPU
		{C53183B2-799A-42C4-8CB8-B3E38E0FD42F}.Debug|Any CPU.Build.0 = Debug|Any CPU
		{C53183B2-799A-42C4-8CB8-B3E38E0FD42F}.Release|Any CPU.ActiveCfg = Release|Any CPU
		{C53183B2-799A-42C4-8CB8-B3E38E0FD42F}.Release|Any CPU.Build.0 = Release|Any CPU
		{215C52B7-CB7E-4C38-BE09-EF7875A15357}.Debug|Any CPU.ActiveCfg = Debug|Any CPU
		{215C52B7-CB7E-4C38-BE09-EF7875A15357}.Debug|Any CPU.Build.0 = Debug|Any CPU
		{215C52B7-CB7E-4C38-BE09-EF7875A15357}.Release|Any CPU.ActiveCfg = Release|Any CPU
		{215C52B7-CB7E-4C38-BE09-EF7875A15357}.Release|Any CPU.Build.0 = Release|Any CPU
		{0A89971B-39B7-4682-9FF4-8E115A4BA9C7}.Debug|Any CPU.ActiveCfg = Debug|Any CPU
		{0A89971B-39B7-4682-9FF4-8E115A4BA9C7}.Debug|Any CPU.Build.0 = Debug|Any CPU
		{0A89971B-39B7-4682-9FF4-8E115A4BA9C7}.Release|Any CPU.ActiveCfg = Release|Any CPU
		{0A89971B-39B7-4682-9FF4-8E115A4BA9C7}.Release|Any CPU.Build.0 = Release|Any CPU
		{0B5DE70C-38ED-4AA2-99CE-4F8CA6DA0046}.Debug|Any CPU.ActiveCfg = Debug|Any CPU
		{0B5DE70C-38ED-4AA2-99CE-4F8CA6DA0046}.Debug|Any CPU.Build.0 = Debug|Any CPU
		{0B5DE70C-38ED-4AA2-99CE-4F8CA6DA0046}.Release|Any CPU.ActiveCfg = Release|Any CPU
		{0B5DE70C-38ED-4AA2-99CE-4F8CA6DA0046}.Release|Any CPU.Build.0 = Release|Any CPU
	EndGlobalSection
	GlobalSection(SolutionProperties) = preSolution
		HideSolutionNode = FALSE
	EndGlobalSection
	GlobalSection(ExtensibilityGlobals) = postSolution
		SolutionGuid = {BDE6E72E-F139-4D31-B390-7984CB8C36D9}
	EndGlobalSection
EndGlobal
